// !$*UTF8*$!
{
	archiveVersion = 1;
	classes = {
	};
	objectVersion = 50;
	objects = {

/* Begin PBXBuildFile section */
		000B707920F78055005DE14B /* AppDelegate.swift in Sources */ = {isa = PBXBuildFile; fileRef = 000B707820F78055005DE14B /* AppDelegate.swift */; };
		000B707B20F78055005DE14B /* MainViewController.swift in Sources */ = {isa = PBXBuildFile; fileRef = 000B707A20F78055005DE14B /* MainViewController.swift */; };
		000B707E20F78055005DE14B /* Main.storyboard in Resources */ = {isa = PBXBuildFile; fileRef = 000B707C20F78055005DE14B /* Main.storyboard */; };
		000B708020F78057005DE14B /* Assets.xcassets in Resources */ = {isa = PBXBuildFile; fileRef = 000B707F20F78057005DE14B /* Assets.xcassets */; };
		000B708320F78057005DE14B /* LaunchScreen.storyboard in Resources */ = {isa = PBXBuildFile; fileRef = 000B708120F78057005DE14B /* LaunchScreen.storyboard */; };
		0089E680211AFF130037AF60 /* CommonExtensions.swift in Sources */ = {isa = PBXBuildFile; fileRef = 0089E67F211AFF130037AF60 /* CommonExtensions.swift */; };
		0089E683211B02350037AF60 /* SettingsViewController.swift in Sources */ = {isa = PBXBuildFile; fileRef = 0089E682211B02350037AF60 /* SettingsViewController.swift */; };
		0089E687211B093B0037AF60 /* PointViewController.swift in Sources */ = {isa = PBXBuildFile; fileRef = 0089E686211B093B0037AF60 /* PointViewController.swift */; };
		0089E689211B09D00037AF60 /* ChatsViewController.swift in Sources */ = {isa = PBXBuildFile; fileRef = 0089E688211B09D00037AF60 /* ChatsViewController.swift */; };
		0089E68B211B189E0037AF60 /* RoundedView.swift in Sources */ = {isa = PBXBuildFile; fileRef = 0089E68A211B189E0037AF60 /* RoundedView.swift */; };
		0089E68D211B1DA10037AF60 /* CircleImage.swift in Sources */ = {isa = PBXBuildFile; fileRef = 0089E68C211B1DA10037AF60 /* CircleImage.swift */; };
		0089E68F211B2DF40037AF60 /* EditProfileViewController.swift in Sources */ = {isa = PBXBuildFile; fileRef = 0089E68E211B2DF40037AF60 /* EditProfileViewController.swift */; };
		00B17CCE2114A7A300EFC16C /* SendPhoneRequest.swift in Sources */ = {isa = PBXBuildFile; fileRef = 00B17CCD2114A7A300EFC16C /* SendPhoneRequest.swift */; };
		00B17CD02114A7CB00EFC16C /* Constants.swift in Sources */ = {isa = PBXBuildFile; fileRef = 00B17CCF2114A7CB00EFC16C /* Constants.swift */; };
		00B17CD42114AB9700EFC16C /* CheckTokenRequest.swift in Sources */ = {isa = PBXBuildFile; fileRef = 00B17CD32114AB9700EFC16C /* CheckTokenRequest.swift */; };
		00B17CD82114ACB300EFC16C /* BlankResponceParser.swift in Sources */ = {isa = PBXBuildFile; fileRef = 00B17CD72114ACB300EFC16C /* BlankResponceParser.swift */; };
		00F0B95F21358E2C00AC3013 /* OutgoingCell.swift in Sources */ = {isa = PBXBuildFile; fileRef = 00F0B95E21358E2C00AC3013 /* OutgoingCell.swift */; };
		00F0B96121358E3700AC3013 /* IncomingCell.swift in Sources */ = {isa = PBXBuildFile; fileRef = 00F0B96021358E3700AC3013 /* IncomingCell.swift */; };
		00F0B96321358F5200AC3013 /* ChatCell.swift in Sources */ = {isa = PBXBuildFile; fileRef = 00F0B96221358F5200AC3013 /* ChatCell.swift */; };
		00F0B9672137CF4400AC3013 /* EditProfileRequest.swift in Sources */ = {isa = PBXBuildFile; fileRef = 00F0B9662137CF4400AC3013 /* EditProfileRequest.swift */; };
		00F0B96A2137D04500AC3013 /* EditedProfileModel.swift in Sources */ = {isa = PBXBuildFile; fileRef = 00F0B9692137D04500AC3013 /* EditedProfileModel.swift */; };
		00F0B96C2137EB0700AC3013 /* EditImageRequest.swift in Sources */ = {isa = PBXBuildFile; fileRef = 00F0B96B2137EB0700AC3013 /* EditImageRequest.swift */; };
		00F0B96E2137EB8B00AC3013 /* EditedImageModel.swift in Sources */ = {isa = PBXBuildFile; fileRef = 00F0B96D2137EB8B00AC3013 /* EditedImageModel.swift */; };
		00F0B9712137EE3F00AC3013 /* ChatsHistoryRequest.swift in Sources */ = {isa = PBXBuildFile; fileRef = 00F0B9702137EE3F00AC3013 /* ChatsHistoryRequest.swift */; };
		00F0B9742137F00700AC3013 /* ChatsHistoryParser.swift in Sources */ = {isa = PBXBuildFile; fileRef = 00F0B9732137F00700AC3013 /* ChatsHistoryParser.swift */; };
		00F0B9762137F07700AC3013 /* ChatsModel.swift in Sources */ = {isa = PBXBuildFile; fileRef = 00F0B9752137F07700AC3013 /* ChatsModel.swift */; };
		00F0B9792137F79F00AC3013 /* GetBlockedRequest.swift in Sources */ = {isa = PBXBuildFile; fileRef = 00F0B9782137F79F00AC3013 /* GetBlockedRequest.swift */; };
		00F0B97B2137F85400AC3013 /* BlockUserRequest.swift in Sources */ = {isa = PBXBuildFile; fileRef = 00F0B97A2137F85400AC3013 /* BlockUserRequest.swift */; };
		00F0B9802137FA0900AC3013 /* AddFriendRequest.swift in Sources */ = {isa = PBXBuildFile; fileRef = 00F0B97F2137FA0900AC3013 /* AddFriendRequest.swift */; };
		00F0B9822137FC7200AC3013 /* SubmitFriendRequest.swift in Sources */ = {isa = PBXBuildFile; fileRef = 00F0B9812137FC7200AC3013 /* SubmitFriendRequest.swift */; };
		00F0B9842137FEA500AC3013 /* GetFriendsRequest.swift in Sources */ = {isa = PBXBuildFile; fileRef = 00F0B9832137FEA500AC3013 /* GetFriendsRequest.swift */; };
		00F0B9872137FF9E00AC3013 /* ChangeLocationRequest.swift in Sources */ = {isa = PBXBuildFile; fileRef = 00F0B9862137FF9E00AC3013 /* ChangeLocationRequest.swift */; };
		00F0B98A2138015100AC3013 /* SwitchAppModeRequest.swift in Sources */ = {isa = PBXBuildFile; fileRef = 00F0B9892138015100AC3013 /* SwitchAppModeRequest.swift */; };
		00F0B98D21380D0200AC3013 /* BlockedUsersParser.swift in Sources */ = {isa = PBXBuildFile; fileRef = 00F0B98C21380D0200AC3013 /* BlockedUsersParser.swift */; };
		00F0B98F21380D4600AC3013 /* BlockedUser.swift in Sources */ = {isa = PBXBuildFile; fileRef = 00F0B98E21380D4600AC3013 /* BlockedUser.swift */; };
		00F0B9922138132500AC3013 /* GetFriendsParser.swift in Sources */ = {isa = PBXBuildFile; fileRef = 00F0B9912138132500AC3013 /* GetFriendsParser.swift */; };
		00F0B9942138134C00AC3013 /* Friend.swift in Sources */ = {isa = PBXBuildFile; fileRef = 00F0B9932138134C00AC3013 /* Friend.swift */; };
		00F0B999213820AB00AC3013 /* LocalStorage.swift in Sources */ = {isa = PBXBuildFile; fileRef = 00F0B998213820AB00AC3013 /* LocalStorage.swift */; };
		00F0B99C2138224500AC3013 /* CoreDataModel.xcdatamodeld in Sources */ = {isa = PBXBuildFile; fileRef = 00F0B99A2138224400AC3013 /* CoreDataModel.xcdatamodeld */; };
		660D7A1B2195E7D200A46297 /* Fabric.framework in Frameworks */ = {isa = PBXBuildFile; fileRef = 660D7A192195E7D100A46297 /* Fabric.framework */; };
		660D7A1C2195E7D200A46297 /* Crashlytics.framework in Frameworks */ = {isa = PBXBuildFile; fileRef = 660D7A1A2195E7D100A46297 /* Crashlytics.framework */; };
		660D7A202195EBD400A46297 /* LaunchViewController.swift in Sources */ = {isa = PBXBuildFile; fileRef = 660D7A1E2195EBD400A46297 /* LaunchViewController.swift */; };
		660D7A212195EBD400A46297 /* LaunchViewController.xib in Resources */ = {isa = PBXBuildFile; fileRef = 660D7A1F2195EBD400A46297 /* LaunchViewController.xib */; };
		660D7A232195FDEC00A46297 /* SettingsService.swift in Sources */ = {isa = PBXBuildFile; fileRef = 660D7A222195FDEC00A46297 /* SettingsService.swift */; };
		661D481C21AA89480006D51A /* ChatService.swift in Sources */ = {isa = PBXBuildFile; fileRef = 661D481B21AA89480006D51A /* ChatService.swift */; };
		661D482221BD2ED20006D51A /* ImageService.swift in Sources */ = {isa = PBXBuildFile; fileRef = 661D482121BD2ED20006D51A /* ImageService.swift */; };
		661D482421BD95990006D51A /* DateHelper.swift in Sources */ = {isa = PBXBuildFile; fileRef = 661D482321BD95980006D51A /* DateHelper.swift */; };
		661D482621C2EC090006D51A /* ILocalStorage.swift in Sources */ = {isa = PBXBuildFile; fileRef = 661D482521C2EC090006D51A /* ILocalStorage.swift */; };
		666D47312108E32F000E5374 /* RoundedButton.swift in Sources */ = {isa = PBXBuildFile; fileRef = 666D47302108E32F000E5374 /* RoundedButton.swift */; };
		666D47342108EAF3000E5374 /* SignUpFirstStepViewController.swift in Sources */ = {isa = PBXBuildFile; fileRef = 666D47332108EAF3000E5374 /* SignUpFirstStepViewController.swift */; };
		666D47362108EB00000E5374 /* LogInViewController.swift in Sources */ = {isa = PBXBuildFile; fileRef = 666D47352108EB00000E5374 /* LogInViewController.swift */; };
		666D47382108F100000E5374 /* CircleView.swift in Sources */ = {isa = PBXBuildFile; fileRef = 666D47372108F100000E5374 /* CircleView.swift */; };
		666D473B2108F9B1000E5374 /* Colors.swift in Sources */ = {isa = PBXBuildFile; fileRef = 666D473A2108F9B1000E5374 /* Colors.swift */; };
		666D473D2108FB72000E5374 /* UnderlinedButton.swift in Sources */ = {isa = PBXBuildFile; fileRef = 666D473C2108FB72000E5374 /* UnderlinedButton.swift */; };
		666D4740210A2FAA000E5374 /* SignUpSecondStepViewController.swift in Sources */ = {isa = PBXBuildFile; fileRef = 666D473F210A2FAA000E5374 /* SignUpSecondStepViewController.swift */; };
		666D4744210BA056000E5374 /* SignUpThirdStepViewController.swift in Sources */ = {isa = PBXBuildFile; fileRef = 666D4743210BA056000E5374 /* SignUpThirdStepViewController.swift */; };
		666D4746210BA24E000E5374 /* Utils.swift in Sources */ = {isa = PBXBuildFile; fileRef = 666D4745210BA24E000E5374 /* Utils.swift */; };
		666D4749210CFBD6000E5374 /* NewUserModel.swift in Sources */ = {isa = PBXBuildFile; fileRef = 666D4748210CFBD6000E5374 /* NewUserModel.swift */; };
		66766D1C21123DF6008F5952 /* IParser.swift in Sources */ = {isa = PBXBuildFile; fileRef = 66766D1B21123DF6008F5952 /* IParser.swift */; };
		66766D1E21123F0C008F5952 /* IRequest.swift in Sources */ = {isa = PBXBuildFile; fileRef = 66766D1D21123F0C008F5952 /* IRequest.swift */; };
		66766D2021123F8C008F5952 /* IRequestSender.swift in Sources */ = {isa = PBXBuildFile; fileRef = 66766D1F21123F8C008F5952 /* IRequestSender.swift */; };
		66766D2221123FAD008F5952 /* RequestConfig.swift in Sources */ = {isa = PBXBuildFile; fileRef = 66766D2121123FAD008F5952 /* RequestConfig.swift */; };
		66766D242112409D008F5952 /* Result.swift in Sources */ = {isa = PBXBuildFile; fileRef = 66766D232112409D008F5952 /* Result.swift */; };
		66766D26211241E6008F5952 /* RequestSender.swift in Sources */ = {isa = PBXBuildFile; fileRef = 66766D25211241E6008F5952 /* RequestSender.swift */; };
		66766D282112432D008F5952 /* RequestsFactory.swift in Sources */ = {isa = PBXBuildFile; fileRef = 66766D272112432D008F5952 /* RequestsFactory.swift */; };
		66766D2A211582D2008F5952 /* CreateAccountRequest.swift in Sources */ = {isa = PBXBuildFile; fileRef = 66766D29211582D2008F5952 /* CreateAccountRequest.swift */; };
		66766D2C21159338008F5952 /* UserCreationParser.swift in Sources */ = {isa = PBXBuildFile; fileRef = 66766D2B21159338008F5952 /* UserCreationParser.swift */; };
		66766D2E211594C0008F5952 /* UserDataParser.swift in Sources */ = {isa = PBXBuildFile; fileRef = 66766D2D211594C0008F5952 /* UserDataParser.swift */; };
		667BA13B21C9714400F0895F /* UserService.swift in Sources */ = {isa = PBXBuildFile; fileRef = 667BA13A21C9714400F0895F /* UserService.swift */; };
		6681658F211ED81E00ADF58E /* MatchViewController.swift in Sources */ = {isa = PBXBuildFile; fileRef = 6681658D211ED81E00ADF58E /* MatchViewController.swift */; };
		66816590211ED81E00ADF58E /* MatchViewController.xib in Resources */ = {isa = PBXBuildFile; fileRef = 6681658E211ED81E00ADF58E /* MatchViewController.xib */; };
		66816594212051B000ADF58E /* ConversationViewController.swift in Sources */ = {isa = PBXBuildFile; fileRef = 66816593212051B000ADF58E /* ConversationViewController.swift */; };
		66C725D521172C5B00F80CFD /* TabBar.storyboard in Resources */ = {isa = PBXBuildFile; fileRef = 66C725D421172C5B00F80CFD /* TabBar.storyboard */; };
		66E23731217A7F9E00CED120 /* LocationService.swift in Sources */ = {isa = PBXBuildFile; fileRef = 66E23730217A7F9E00CED120 /* LocationService.swift */; };
		66FB5C4E2184655B001EB227 /* SocketService.swift in Sources */ = {isa = PBXBuildFile; fileRef = 66FB5C4D2184655B001EB227 /* SocketService.swift */; };
		ADF87BB193E3075A6DFBE9EB /* Pods_Point.framework in Frameworks */ = {isa = PBXBuildFile; fileRef = 2BEAD019FAF5B21E6DD05897 /* Pods_Point.framework */; };
		B219DC152153D44A0035BF94 /* GradientView.swift in Sources */ = {isa = PBXBuildFile; fileRef = B219DC142153D44A0035BF94 /* GradientView.swift */; };
		B219DC1D2157BCDF0035BF94 /* Extensions.swift in Sources */ = {isa = PBXBuildFile; fileRef = B219DC1C2157BCDF0035BF94 /* Extensions.swift */; };
		B2D43F442167B77600A5A5D1 /* SubmitSmsRequest.swift in Sources */ = {isa = PBXBuildFile; fileRef = B2D43F432167B77600A5A5D1 /* SubmitSmsRequest.swift */; };
		B2E668CC214E74B400C3CC2D /* MessageView.swift in Sources */ = {isa = PBXBuildFile; fileRef = B2E668CB214E74B400C3CC2D /* MessageView.swift */; };
/* End PBXBuildFile section */

/* Begin PBXFileReference section */
		000B707520F78055005DE14B /* Point.app */ = {isa = PBXFileReference; explicitFileType = wrapper.application; includeInIndex = 0; path = Point.app; sourceTree = BUILT_PRODUCTS_DIR; };
		000B707820F78055005DE14B /* AppDelegate.swift */ = {isa = PBXFileReference; lastKnownFileType = sourcecode.swift; path = AppDelegate.swift; sourceTree = "<group>"; };
		000B707A20F78055005DE14B /* MainViewController.swift */ = {isa = PBXFileReference; lastKnownFileType = sourcecode.swift; path = MainViewController.swift; sourceTree = "<group>"; };
		000B707D20F78055005DE14B /* Base */ = {isa = PBXFileReference; lastKnownFileType = file.storyboard; name = Base; path = Base.lproj/Main.storyboard; sourceTree = "<group>"; };
		000B707F20F78057005DE14B /* Assets.xcassets */ = {isa = PBXFileReference; lastKnownFileType = folder.assetcatalog; path = Assets.xcassets; sourceTree = "<group>"; };
		000B708220F78057005DE14B /* Base */ = {isa = PBXFileReference; lastKnownFileType = file.storyboard; name = Base; path = Base.lproj/LaunchScreen.storyboard; sourceTree = "<group>"; };
		000B708420F78057005DE14B /* Info.plist */ = {isa = PBXFileReference; lastKnownFileType = text.plist.xml; path = Info.plist; sourceTree = "<group>"; };
		0089E67F211AFF130037AF60 /* CommonExtensions.swift */ = {isa = PBXFileReference; lastKnownFileType = sourcecode.swift; path = CommonExtensions.swift; sourceTree = "<group>"; };
		0089E682211B02350037AF60 /* SettingsViewController.swift */ = {isa = PBXFileReference; lastKnownFileType = sourcecode.swift; path = SettingsViewController.swift; sourceTree = "<group>"; };
		0089E686211B093B0037AF60 /* PointViewController.swift */ = {isa = PBXFileReference; lastKnownFileType = sourcecode.swift; path = PointViewController.swift; sourceTree = "<group>"; };
		0089E688211B09D00037AF60 /* ChatsViewController.swift */ = {isa = PBXFileReference; lastKnownFileType = sourcecode.swift; path = ChatsViewController.swift; sourceTree = "<group>"; };
		0089E68A211B189E0037AF60 /* RoundedView.swift */ = {isa = PBXFileReference; lastKnownFileType = sourcecode.swift; path = RoundedView.swift; sourceTree = "<group>"; };
		0089E68C211B1DA10037AF60 /* CircleImage.swift */ = {isa = PBXFileReference; lastKnownFileType = sourcecode.swift; path = CircleImage.swift; sourceTree = "<group>"; };
		0089E68E211B2DF40037AF60 /* EditProfileViewController.swift */ = {isa = PBXFileReference; lastKnownFileType = sourcecode.swift; path = EditProfileViewController.swift; sourceTree = "<group>"; };
		00B17CCD2114A7A300EFC16C /* SendPhoneRequest.swift */ = {isa = PBXFileReference; lastKnownFileType = sourcecode.swift; path = SendPhoneRequest.swift; sourceTree = "<group>"; };
		00B17CCF2114A7CB00EFC16C /* Constants.swift */ = {isa = PBXFileReference; lastKnownFileType = sourcecode.swift; path = Constants.swift; sourceTree = "<group>"; };
		00B17CD32114AB9700EFC16C /* CheckTokenRequest.swift */ = {isa = PBXFileReference; lastKnownFileType = sourcecode.swift; path = CheckTokenRequest.swift; sourceTree = "<group>"; };
		00B17CD72114ACB300EFC16C /* BlankResponceParser.swift */ = {isa = PBXFileReference; lastKnownFileType = sourcecode.swift; path = BlankResponceParser.swift; sourceTree = "<group>"; };
		00F0B95E21358E2C00AC3013 /* OutgoingCell.swift */ = {isa = PBXFileReference; lastKnownFileType = sourcecode.swift; path = OutgoingCell.swift; sourceTree = "<group>"; };
		00F0B96021358E3700AC3013 /* IncomingCell.swift */ = {isa = PBXFileReference; lastKnownFileType = sourcecode.swift; path = IncomingCell.swift; sourceTree = "<group>"; };
		00F0B96221358F5200AC3013 /* ChatCell.swift */ = {isa = PBXFileReference; lastKnownFileType = sourcecode.swift; path = ChatCell.swift; sourceTree = "<group>"; };
		00F0B9662137CF4400AC3013 /* EditProfileRequest.swift */ = {isa = PBXFileReference; lastKnownFileType = sourcecode.swift; path = EditProfileRequest.swift; sourceTree = "<group>"; };
		00F0B9692137D04500AC3013 /* EditedProfileModel.swift */ = {isa = PBXFileReference; lastKnownFileType = sourcecode.swift; path = EditedProfileModel.swift; sourceTree = "<group>"; };
		00F0B96B2137EB0700AC3013 /* EditImageRequest.swift */ = {isa = PBXFileReference; lastKnownFileType = sourcecode.swift; path = EditImageRequest.swift; sourceTree = "<group>"; };
		00F0B96D2137EB8B00AC3013 /* EditedImageModel.swift */ = {isa = PBXFileReference; lastKnownFileType = sourcecode.swift; path = EditedImageModel.swift; sourceTree = "<group>"; };
		00F0B9702137EE3F00AC3013 /* ChatsHistoryRequest.swift */ = {isa = PBXFileReference; lastKnownFileType = sourcecode.swift; path = ChatsHistoryRequest.swift; sourceTree = "<group>"; };
		00F0B9732137F00700AC3013 /* ChatsHistoryParser.swift */ = {isa = PBXFileReference; lastKnownFileType = sourcecode.swift; path = ChatsHistoryParser.swift; sourceTree = "<group>"; };
		00F0B9752137F07700AC3013 /* ChatsModel.swift */ = {isa = PBXFileReference; lastKnownFileType = sourcecode.swift; path = ChatsModel.swift; sourceTree = "<group>"; };
		00F0B9782137F79F00AC3013 /* GetBlockedRequest.swift */ = {isa = PBXFileReference; lastKnownFileType = sourcecode.swift; path = GetBlockedRequest.swift; sourceTree = "<group>"; };
		00F0B97A2137F85400AC3013 /* BlockUserRequest.swift */ = {isa = PBXFileReference; lastKnownFileType = sourcecode.swift; path = BlockUserRequest.swift; sourceTree = "<group>"; };
		00F0B97F2137FA0900AC3013 /* AddFriendRequest.swift */ = {isa = PBXFileReference; lastKnownFileType = sourcecode.swift; path = AddFriendRequest.swift; sourceTree = "<group>"; };
		00F0B9812137FC7200AC3013 /* SubmitFriendRequest.swift */ = {isa = PBXFileReference; lastKnownFileType = sourcecode.swift; path = SubmitFriendRequest.swift; sourceTree = "<group>"; };
		00F0B9832137FEA500AC3013 /* GetFriendsRequest.swift */ = {isa = PBXFileReference; lastKnownFileType = sourcecode.swift; path = GetFriendsRequest.swift; sourceTree = "<group>"; };
		00F0B9862137FF9E00AC3013 /* ChangeLocationRequest.swift */ = {isa = PBXFileReference; lastKnownFileType = sourcecode.swift; path = ChangeLocationRequest.swift; sourceTree = "<group>"; };
		00F0B9892138015100AC3013 /* SwitchAppModeRequest.swift */ = {isa = PBXFileReference; lastKnownFileType = sourcecode.swift; path = SwitchAppModeRequest.swift; sourceTree = "<group>"; };
		00F0B98C21380D0200AC3013 /* BlockedUsersParser.swift */ = {isa = PBXFileReference; lastKnownFileType = sourcecode.swift; path = BlockedUsersParser.swift; sourceTree = "<group>"; };
		00F0B98E21380D4600AC3013 /* BlockedUser.swift */ = {isa = PBXFileReference; lastKnownFileType = sourcecode.swift; path = BlockedUser.swift; sourceTree = "<group>"; };
		00F0B9912138132500AC3013 /* GetFriendsParser.swift */ = {isa = PBXFileReference; lastKnownFileType = sourcecode.swift; path = GetFriendsParser.swift; sourceTree = "<group>"; };
		00F0B9932138134C00AC3013 /* Friend.swift */ = {isa = PBXFileReference; lastKnownFileType = sourcecode.swift; path = Friend.swift; sourceTree = "<group>"; };
		00F0B998213820AB00AC3013 /* LocalStorage.swift */ = {isa = PBXFileReference; lastKnownFileType = sourcecode.swift; path = LocalStorage.swift; sourceTree = "<group>"; };
		00F0B99B2138224500AC3013 /* CoreDataModel.xcdatamodel */ = {isa = PBXFileReference; lastKnownFileType = wrapper.xcdatamodel; path = CoreDataModel.xcdatamodel; sourceTree = "<group>"; };
		2BEAD019FAF5B21E6DD05897 /* Pods_Point.framework */ = {isa = PBXFileReference; explicitFileType = wrapper.framework; includeInIndex = 0; path = Pods_Point.framework; sourceTree = BUILT_PRODUCTS_DIR; };
		494E2C55FE84C5DA6A1DF2C6 /* Pods-Point.release.xcconfig */ = {isa = PBXFileReference; includeInIndex = 1; lastKnownFileType = text.xcconfig; name = "Pods-Point.release.xcconfig"; path = "Pods/Target Support Files/Pods-Point/Pods-Point.release.xcconfig"; sourceTree = "<group>"; };
		660D7A192195E7D100A46297 /* Fabric.framework */ = {isa = PBXFileReference; lastKnownFileType = wrapper.framework; path = Fabric.framework; sourceTree = SOURCE_ROOT; };
		660D7A1A2195E7D100A46297 /* Crashlytics.framework */ = {isa = PBXFileReference; lastKnownFileType = wrapper.framework; path = Crashlytics.framework; sourceTree = SOURCE_ROOT; };
		660D7A1E2195EBD400A46297 /* LaunchViewController.swift */ = {isa = PBXFileReference; lastKnownFileType = sourcecode.swift; path = LaunchViewController.swift; sourceTree = "<group>"; };
		660D7A1F2195EBD400A46297 /* LaunchViewController.xib */ = {isa = PBXFileReference; lastKnownFileType = file.xib; path = LaunchViewController.xib; sourceTree = "<group>"; };
		660D7A222195FDEC00A46297 /* SettingsService.swift */ = {isa = PBXFileReference; lastKnownFileType = sourcecode.swift; path = SettingsService.swift; sourceTree = "<group>"; };
		661D481B21AA89480006D51A /* ChatService.swift */ = {isa = PBXFileReference; lastKnownFileType = sourcecode.swift; path = ChatService.swift; sourceTree = "<group>"; };
		661D482121BD2ED20006D51A /* ImageService.swift */ = {isa = PBXFileReference; lastKnownFileType = sourcecode.swift; path = ImageService.swift; sourceTree = "<group>"; };
		661D482321BD95980006D51A /* DateHelper.swift */ = {isa = PBXFileReference; lastKnownFileType = sourcecode.swift; path = DateHelper.swift; sourceTree = "<group>"; };
		661D482521C2EC090006D51A /* ILocalStorage.swift */ = {isa = PBXFileReference; lastKnownFileType = sourcecode.swift; path = ILocalStorage.swift; sourceTree = "<group>"; };
		666D47302108E32F000E5374 /* RoundedButton.swift */ = {isa = PBXFileReference; lastKnownFileType = sourcecode.swift; path = RoundedButton.swift; sourceTree = "<group>"; };
		666D47332108EAF3000E5374 /* SignUpFirstStepViewController.swift */ = {isa = PBXFileReference; lastKnownFileType = sourcecode.swift; path = SignUpFirstStepViewController.swift; sourceTree = "<group>"; };
		666D47352108EB00000E5374 /* LogInViewController.swift */ = {isa = PBXFileReference; lastKnownFileType = sourcecode.swift; path = LogInViewController.swift; sourceTree = "<group>"; };
		666D47372108F100000E5374 /* CircleView.swift */ = {isa = PBXFileReference; lastKnownFileType = sourcecode.swift; path = CircleView.swift; sourceTree = "<group>"; };
		666D473A2108F9B1000E5374 /* Colors.swift */ = {isa = PBXFileReference; lastKnownFileType = sourcecode.swift; path = Colors.swift; sourceTree = "<group>"; };
		666D473C2108FB72000E5374 /* UnderlinedButton.swift */ = {isa = PBXFileReference; lastKnownFileType = sourcecode.swift; path = UnderlinedButton.swift; sourceTree = "<group>"; };
		666D473F210A2FAA000E5374 /* SignUpSecondStepViewController.swift */ = {isa = PBXFileReference; lastKnownFileType = sourcecode.swift; path = SignUpSecondStepViewController.swift; sourceTree = "<group>"; };
		666D4743210BA056000E5374 /* SignUpThirdStepViewController.swift */ = {isa = PBXFileReference; lastKnownFileType = sourcecode.swift; path = SignUpThirdStepViewController.swift; sourceTree = "<group>"; };
		666D4745210BA24E000E5374 /* Utils.swift */ = {isa = PBXFileReference; lastKnownFileType = sourcecode.swift; path = Utils.swift; sourceTree = "<group>"; };
		666D4748210CFBD6000E5374 /* NewUserModel.swift */ = {isa = PBXFileReference; lastKnownFileType = sourcecode.swift; path = NewUserModel.swift; sourceTree = "<group>"; };
		66766D1B21123DF6008F5952 /* IParser.swift */ = {isa = PBXFileReference; lastKnownFileType = sourcecode.swift; path = IParser.swift; sourceTree = "<group>"; };
		66766D1D21123F0C008F5952 /* IRequest.swift */ = {isa = PBXFileReference; lastKnownFileType = sourcecode.swift; path = IRequest.swift; sourceTree = "<group>"; };
		66766D1F21123F8C008F5952 /* IRequestSender.swift */ = {isa = PBXFileReference; lastKnownFileType = sourcecode.swift; path = IRequestSender.swift; sourceTree = "<group>"; };
		66766D2121123FAD008F5952 /* RequestConfig.swift */ = {isa = PBXFileReference; lastKnownFileType = sourcecode.swift; path = RequestConfig.swift; sourceTree = "<group>"; };
		66766D232112409D008F5952 /* Result.swift */ = {isa = PBXFileReference; lastKnownFileType = sourcecode.swift; path = Result.swift; sourceTree = "<group>"; };
		66766D25211241E6008F5952 /* RequestSender.swift */ = {isa = PBXFileReference; lastKnownFileType = sourcecode.swift; path = RequestSender.swift; sourceTree = "<group>"; };
		66766D272112432D008F5952 /* RequestsFactory.swift */ = {isa = PBXFileReference; lastKnownFileType = sourcecode.swift; path = RequestsFactory.swift; sourceTree = "<group>"; };
		66766D29211582D2008F5952 /* CreateAccountRequest.swift */ = {isa = PBXFileReference; lastKnownFileType = sourcecode.swift; path = CreateAccountRequest.swift; sourceTree = "<group>"; };
		66766D2B21159338008F5952 /* UserCreationParser.swift */ = {isa = PBXFileReference; lastKnownFileType = sourcecode.swift; path = UserCreationParser.swift; sourceTree = "<group>"; };
		66766D2D211594C0008F5952 /* UserDataParser.swift */ = {isa = PBXFileReference; lastKnownFileType = sourcecode.swift; path = UserDataParser.swift; sourceTree = "<group>"; };
		667BA13A21C9714400F0895F /* UserService.swift */ = {isa = PBXFileReference; lastKnownFileType = sourcecode.swift; path = UserService.swift; sourceTree = "<group>"; };
		6681658D211ED81E00ADF58E /* MatchViewController.swift */ = {isa = PBXFileReference; lastKnownFileType = sourcecode.swift; path = MatchViewController.swift; sourceTree = "<group>"; };
		6681658E211ED81E00ADF58E /* MatchViewController.xib */ = {isa = PBXFileReference; lastKnownFileType = file.xib; path = MatchViewController.xib; sourceTree = "<group>"; };
		66816593212051B000ADF58E /* ConversationViewController.swift */ = {isa = PBXFileReference; lastKnownFileType = sourcecode.swift; path = ConversationViewController.swift; sourceTree = "<group>"; };
		66C725D421172C5B00F80CFD /* TabBar.storyboard */ = {isa = PBXFileReference; lastKnownFileType = file.storyboard; path = TabBar.storyboard; sourceTree = "<group>"; };
		66E23730217A7F9E00CED120 /* LocationService.swift */ = {isa = PBXFileReference; lastKnownFileType = sourcecode.swift; path = LocationService.swift; sourceTree = "<group>"; };
		66FB5C4D2184655B001EB227 /* SocketService.swift */ = {isa = PBXFileReference; lastKnownFileType = sourcecode.swift; path = SocketService.swift; sourceTree = "<group>"; };
		A5EDDA6BF247C8D35F66AD39 /* Pods-Point.debug.xcconfig */ = {isa = PBXFileReference; includeInIndex = 1; lastKnownFileType = text.xcconfig; name = "Pods-Point.debug.xcconfig"; path = "Pods/Target Support Files/Pods-Point/Pods-Point.debug.xcconfig"; sourceTree = "<group>"; };
		B219DC142153D44A0035BF94 /* GradientView.swift */ = {isa = PBXFileReference; lastKnownFileType = sourcecode.swift; path = GradientView.swift; sourceTree = "<group>"; };
		B219DC1C2157BCDF0035BF94 /* Extensions.swift */ = {isa = PBXFileReference; lastKnownFileType = sourcecode.swift; path = Extensions.swift; sourceTree = "<group>"; };
		B2D43F432167B77600A5A5D1 /* SubmitSmsRequest.swift */ = {isa = PBXFileReference; fileEncoding = 4; lastKnownFileType = sourcecode.swift; path = SubmitSmsRequest.swift; sourceTree = "<group>"; };
		B2E668CB214E74B400C3CC2D /* MessageView.swift */ = {isa = PBXFileReference; lastKnownFileType = sourcecode.swift; path = MessageView.swift; sourceTree = "<group>"; };
/* End PBXFileReference section */

/* Begin PBXFrameworksBuildPhase section */
		000B707220F78055005DE14B /* Frameworks */ = {
			isa = PBXFrameworksBuildPhase;
			buildActionMask = 2147483647;
			files = (
				ADF87BB193E3075A6DFBE9EB /* Pods_Point.framework in Frameworks */,
				660D7A1C2195E7D200A46297 /* Crashlytics.framework in Frameworks */,
				660D7A1B2195E7D200A46297 /* Fabric.framework in Frameworks */,
			);
			runOnlyForDeploymentPostprocessing = 0;
		};
/* End PBXFrameworksBuildPhase section */

/* Begin PBXGroup section */
		000B706C20F78055005DE14B = {
			isa = PBXGroup;
			children = (
				000B707720F78055005DE14B /* Point */,
				000B707620F78055005DE14B /* Products */,
				5336050CAE10DBE21F801B93 /* Pods */,
				1AF32797C334682A764312D9 /* Frameworks */,
			);
			sourceTree = "<group>";
		};
		000B707620F78055005DE14B /* Products */ = {
			isa = PBXGroup;
			children = (
				000B707520F78055005DE14B /* Point.app */,
			);
			name = Products;
			sourceTree = "<group>";
		};
		000B707720F78055005DE14B /* Point */ = {
			isa = PBXGroup;
			children = (
				000B707820F78055005DE14B /* AppDelegate.swift */,
				660D7A1A2195E7D100A46297 /* Crashlytics.framework */,
				660D7A192195E7D100A46297 /* Fabric.framework */,
				666D473E2109049C000E5374 /* Presentation Layer */,
				66E2372F217A7F8900CED120 /* Service Layer */,
				00F0B9972138209500AC3013 /* CoreLayer */,
				000B707F20F78057005DE14B /* Assets.xcassets */,
				000B708120F78057005DE14B /* LaunchScreen.storyboard */,
				660D7A1D2195EBB700A46297 /* LaunchViewController */,
				000B708420F78057005DE14B /* Info.plist */,
			);
			path = Point;
			sourceTree = "<group>";
		};
		0089E681211B02270037AF60 /* Settings */ = {
			isa = PBXGroup;
			children = (
				00F0B9682137D03600AC3013 /* Models */,
				0089E682211B02350037AF60 /* SettingsViewController.swift */,
				0089E68E211B2DF40037AF60 /* EditProfileViewController.swift */,
			);
			path = Settings;
			sourceTree = "<group>";
		};
		0089E684211B09210037AF60 /* PointMain */ = {
			isa = PBXGroup;
			children = (
				B2495E10215FEA58005B18F2 /* PointViewController */,
				B2495E13215FEBDD005B18F2 /* MatchViewController */,
			);
			path = PointMain;
			sourceTree = "<group>";
		};
		0089E685211B092D0037AF60 /* Chats */ = {
			isa = PBXGroup;
			children = (
				00F0B9642135919600AC3013 /* Models */,
				00F0B95D21358E0C00AC3013 /* Cells */,
				0089E688211B09D00037AF60 /* ChatsViewController.swift */,
				66816593212051B000ADF58E /* ConversationViewController.swift */,
			);
			path = Chats;
			sourceTree = "<group>";
		};
		00B17CD52114AC3300EFC16C /* Entry */ = {
			isa = PBXGroup;
			children = (
				00B17CCD2114A7A300EFC16C /* SendPhoneRequest.swift */,
				00B17CD32114AB9700EFC16C /* CheckTokenRequest.swift */,
				B2D43F432167B77600A5A5D1 /* SubmitSmsRequest.swift */,
				66766D29211582D2008F5952 /* CreateAccountRequest.swift */,
			);
			path = Entry;
			sourceTree = "<group>";
		};
		00B17CD62114AC9500EFC16C /* Entry */ = {
			isa = PBXGroup;
			children = (
				00B17CD72114ACB300EFC16C /* BlankResponceParser.swift */,
				66766D2B21159338008F5952 /* UserCreationParser.swift */,
				66766D2D211594C0008F5952 /* UserDataParser.swift */,
			);
			path = Entry;
			sourceTree = "<group>";
		};
		00F0B95D21358E0C00AC3013 /* Cells */ = {
			isa = PBXGroup;
			children = (
				00F0B95E21358E2C00AC3013 /* OutgoingCell.swift */,
				00F0B96021358E3700AC3013 /* IncomingCell.swift */,
				00F0B96221358F5200AC3013 /* ChatCell.swift */,
			);
			path = Cells;
			sourceTree = "<group>";
		};
		00F0B9642135919600AC3013 /* Models */ = {
			isa = PBXGroup;
			children = (
				00F0B9752137F07700AC3013 /* ChatsModel.swift */,
			);
			path = Models;
			sourceTree = "<group>";
		};
		00F0B9652137CF1F00AC3013 /* Settings */ = {
			isa = PBXGroup;
			children = (
				00F0B9662137CF4400AC3013 /* EditProfileRequest.swift */,
				00F0B96B2137EB0700AC3013 /* EditImageRequest.swift */,
			);
			path = Settings;
			sourceTree = "<group>";
		};
		00F0B9682137D03600AC3013 /* Models */ = {
			isa = PBXGroup;
			children = (
				00F0B9692137D04500AC3013 /* EditedProfileModel.swift */,
				00F0B96D2137EB8B00AC3013 /* EditedImageModel.swift */,
				00F0B98E21380D4600AC3013 /* BlockedUser.swift */,
				00F0B9932138134C00AC3013 /* Friend.swift */,
			);
			path = Models;
			sourceTree = "<group>";
		};
		00F0B96F2137EE1600AC3013 /* Chats */ = {
			isa = PBXGroup;
			children = (
				00F0B9702137EE3F00AC3013 /* ChatsHistoryRequest.swift */,
			);
			path = Chats;
			sourceTree = "<group>";
		};
		00F0B9722137EFDF00AC3013 /* Chats */ = {
			isa = PBXGroup;
			children = (
				00F0B9732137F00700AC3013 /* ChatsHistoryParser.swift */,
			);
			path = Chats;
			sourceTree = "<group>";
		};
		00F0B9772137F77500AC3013 /* Blocks */ = {
			isa = PBXGroup;
			children = (
				00F0B9782137F79F00AC3013 /* GetBlockedRequest.swift */,
				00F0B97A2137F85400AC3013 /* BlockUserRequest.swift */,
			);
			path = Blocks;
			sourceTree = "<group>";
		};
		00F0B97E2137F9ED00AC3013 /* Friends */ = {
			isa = PBXGroup;
			children = (
				00F0B97F2137FA0900AC3013 /* AddFriendRequest.swift */,
				00F0B9812137FC7200AC3013 /* SubmitFriendRequest.swift */,
				00F0B9832137FEA500AC3013 /* GetFriendsRequest.swift */,
			);
			path = Friends;
			sourceTree = "<group>";
		};
		00F0B9852137FF7F00AC3013 /* Location */ = {
			isa = PBXGroup;
			children = (
				00F0B9862137FF9E00AC3013 /* ChangeLocationRequest.swift */,
			);
			path = Location;
			sourceTree = "<group>";
		};
		00F0B9882138013A00AC3013 /* AppMode */ = {
			isa = PBXGroup;
			children = (
				00F0B9892138015100AC3013 /* SwitchAppModeRequest.swift */,
			);
			path = AppMode;
			sourceTree = "<group>";
		};
		00F0B98B21380CDD00AC3013 /* Blocks */ = {
			isa = PBXGroup;
			children = (
				00F0B98C21380D0200AC3013 /* BlockedUsersParser.swift */,
			);
			path = Blocks;
			sourceTree = "<group>";
		};
		00F0B990213812E900AC3013 /* Friends */ = {
			isa = PBXGroup;
			children = (
				00F0B9912138132500AC3013 /* GetFriendsParser.swift */,
			);
			path = Friends;
			sourceTree = "<group>";
		};
		00F0B99521381FC800AC3013 /* Models */ = {
			isa = PBXGroup;
			children = (
				666D4748210CFBD6000E5374 /* NewUserModel.swift */,
			);
			path = Models;
			sourceTree = "<group>";
		};
		00F0B9972138209500AC3013 /* CoreLayer */ = {
			isa = PBXGroup;
			children = (
				661D481D21AA8A0D0006D51A /* LocalStorage */,
				66766D17211034A3008F5952 /* Network Layer */,
			);
			path = CoreLayer;
			sourceTree = "<group>";
		};
		1AF32797C334682A764312D9 /* Frameworks */ = {
			isa = PBXGroup;
			children = (
				2BEAD019FAF5B21E6DD05897 /* Pods_Point.framework */,
			);
			name = Frameworks;
			sourceTree = "<group>";
		};
		5336050CAE10DBE21F801B93 /* Pods */ = {
			isa = PBXGroup;
			children = (
				A5EDDA6BF247C8D35F66AD39 /* Pods-Point.debug.xcconfig */,
				494E2C55FE84C5DA6A1DF2C6 /* Pods-Point.release.xcconfig */,
			);
			name = Pods;
			sourceTree = "<group>";
		};
		660D7A1D2195EBB700A46297 /* LaunchViewController */ = {
			isa = PBXGroup;
			children = (
				660D7A1E2195EBD400A46297 /* LaunchViewController.swift */,
				660D7A1F2195EBD400A46297 /* LaunchViewController.xib */,
			);
			path = LaunchViewController;
			sourceTree = "<group>";
		};
		661D481D21AA8A0D0006D51A /* LocalStorage */ = {
			isa = PBXGroup;
			children = (
				661D482521C2EC090006D51A /* ILocalStorage.swift */,
				00F0B998213820AB00AC3013 /* LocalStorage.swift */,
				661D482721C2EC100006D51A /* CoreDataModel */,
			);
			path = LocalStorage;
			sourceTree = "<group>";
		};
		661D482721C2EC100006D51A /* CoreDataModel */ = {
			isa = PBXGroup;
			children = (
				00F0B99A2138224400AC3013 /* CoreDataModel.xcdatamodeld */,
			);
			path = CoreDataModel;
			sourceTree = "<group>";
		};
		666D472F2108E310000E5374 /* UI Elements */ = {
			isa = PBXGroup;
			children = (
				666D47302108E32F000E5374 /* RoundedButton.swift */,
				666D47372108F100000E5374 /* CircleView.swift */,
				666D473C2108FB72000E5374 /* UnderlinedButton.swift */,
				0089E67F211AFF130037AF60 /* CommonExtensions.swift */,
				0089E68A211B189E0037AF60 /* RoundedView.swift */,
				0089E68C211B1DA10037AF60 /* CircleImage.swift */,
				B2E668CB214E74B400C3CC2D /* MessageView.swift */,
				B219DC142153D44A0035BF94 /* GradientView.swift */,
			);
			path = "UI Elements";
			sourceTree = "<group>";
		};
		666D47322108EAB6000E5374 /* Entry */ = {
			isa = PBXGroup;
			children = (
				000B707C20F78055005DE14B /* Main.storyboard */,
				000B707A20F78055005DE14B /* MainViewController.swift */,
				666D4745210BA24E000E5374 /* Utils.swift */,
				666D4742210A2FCA000E5374 /* Log In */,
				666D4741210A2FC2000E5374 /* SignUp */,
			);
			path = Entry;
			sourceTree = "<group>";
		};
		666D47392108F99D000E5374 /* Convenience */ = {
			isa = PBXGroup;
			children = (
				666D473A2108F9B1000E5374 /* Colors.swift */,
				B219DC1C2157BCDF0035BF94 /* Extensions.swift */,
				661D482321BD95980006D51A /* DateHelper.swift */,
			);
			path = Convenience;
			sourceTree = "<group>";
		};
		666D473E2109049C000E5374 /* Presentation Layer */ = {
			isa = PBXGroup;
			children = (
				666D472F2108E310000E5374 /* UI Elements */,
				666D47392108F99D000E5374 /* Convenience */,
				666D47322108EAB6000E5374 /* Entry */,
				66C725D321172C3600F80CFD /* TabBar */,
			);
			path = "Presentation Layer";
			sourceTree = "<group>";
		};
		666D4741210A2FC2000E5374 /* SignUp */ = {
			isa = PBXGroup;
			children = (
				00F0B99521381FC800AC3013 /* Models */,
				666D47332108EAF3000E5374 /* SignUpFirstStepViewController.swift */,
				666D473F210A2FAA000E5374 /* SignUpSecondStepViewController.swift */,
				666D4743210BA056000E5374 /* SignUpThirdStepViewController.swift */,
			);
			path = SignUp;
			sourceTree = "<group>";
		};
		666D4742210A2FCA000E5374 /* Log In */ = {
			isa = PBXGroup;
			children = (
				666D47352108EB00000E5374 /* LogInViewController.swift */,
			);
			path = "Log In";
			sourceTree = "<group>";
		};
		66766D17211034A3008F5952 /* Network Layer */ = {
			isa = PBXGroup;
			children = (
				66766D232112409D008F5952 /* Result.swift */,
				00B17CCF2114A7CB00EFC16C /* Constants.swift */,
				66766D1A21123D9C008F5952 /* RequestManager */,
				66766D1921123D94008F5952 /* Requests */,
				66766D1821123D7A008F5952 /* Parsers */,
			);
			path = "Network Layer";
			sourceTree = "<group>";
		};
		66766D1821123D7A008F5952 /* Parsers */ = {
			isa = PBXGroup;
			children = (
				66766D1B21123DF6008F5952 /* IParser.swift */,
				00B17CD62114AC9500EFC16C /* Entry */,
				00F0B9722137EFDF00AC3013 /* Chats */,
				00F0B98B21380CDD00AC3013 /* Blocks */,
				00F0B990213812E900AC3013 /* Friends */,
			);
			path = Parsers;
			sourceTree = "<group>";
		};
		66766D1921123D94008F5952 /* Requests */ = {
			isa = PBXGroup;
			children = (
				66766D1D21123F0C008F5952 /* IRequest.swift */,
				00B17CD52114AC3300EFC16C /* Entry */,
				00F0B9652137CF1F00AC3013 /* Settings */,
				00F0B96F2137EE1600AC3013 /* Chats */,
				00F0B9772137F77500AC3013 /* Blocks */,
				00F0B97E2137F9ED00AC3013 /* Friends */,
				00F0B9852137FF7F00AC3013 /* Location */,
				00F0B9882138013A00AC3013 /* AppMode */,
			);
			path = Requests;
			sourceTree = "<group>";
		};
		66766D1A21123D9C008F5952 /* RequestManager */ = {
			isa = PBXGroup;
			children = (
				66766D2121123FAD008F5952 /* RequestConfig.swift */,
				66766D1F21123F8C008F5952 /* IRequestSender.swift */,
				66766D25211241E6008F5952 /* RequestSender.swift */,
				66766D272112432D008F5952 /* RequestsFactory.swift */,
			);
			path = RequestManager;
			sourceTree = "<group>";
		};
		66C725D321172C3600F80CFD /* TabBar */ = {
			isa = PBXGroup;
			children = (
				66C725D421172C5B00F80CFD /* TabBar.storyboard */,
				0089E685211B092D0037AF60 /* Chats */,
				0089E684211B09210037AF60 /* PointMain */,
				0089E681211B02270037AF60 /* Settings */,
			);
			path = TabBar;
			sourceTree = "<group>";
		};
		66E2372F217A7F8900CED120 /* Service Layer */ = {
			isa = PBXGroup;
			children = (
				66E23730217A7F9E00CED120 /* LocationService.swift */,
				66FB5C4D2184655B001EB227 /* SocketService.swift */,
				660D7A222195FDEC00A46297 /* SettingsService.swift */,
				661D481B21AA89480006D51A /* ChatService.swift */,
				661D482121BD2ED20006D51A /* ImageService.swift */,
				667BA13A21C9714400F0895F /* UserService.swift */,
			);
			path = "Service Layer";
			sourceTree = "<group>";
		};
		B2495E10215FEA58005B18F2 /* PointViewController */ = {
			isa = PBXGroup;
			children = (
				0089E686211B093B0037AF60 /* PointViewController.swift */,
			);
			path = PointViewController;
			sourceTree = "<group>";
		};
		B2495E13215FEBDD005B18F2 /* MatchViewController */ = {
			isa = PBXGroup;
			children = (
				6681658D211ED81E00ADF58E /* MatchViewController.swift */,
				6681658E211ED81E00ADF58E /* MatchViewController.xib */,
			);
			path = MatchViewController;
			sourceTree = "<group>";
		};
/* End PBXGroup section */

/* Begin PBXNativeTarget section */
		000B707420F78055005DE14B /* Point */ = {
			isa = PBXNativeTarget;
			buildConfigurationList = 000B708720F78057005DE14B /* Build configuration list for PBXNativeTarget "Point" */;
			buildPhases = (
				E9E619F50AF932B443713783 /* [CP] Check Pods Manifest.lock */,
				000B707120F78055005DE14B /* Sources */,
				000B707220F78055005DE14B /* Frameworks */,
				000B707320F78055005DE14B /* Resources */,
				11CFB44D4518A979DDB9D2C0 /* [CP] Embed Pods Frameworks */,
				660D7A102195E29C00A46297 /* ShellScript */,
			);
			buildRules = (
			);
			dependencies = (
			);
			name = Point;
			productName = Point;
			productReference = 000B707520F78055005DE14B /* Point.app */;
			productType = "com.apple.product-type.application";
		};
/* End PBXNativeTarget section */

/* Begin PBXProject section */
		000B706D20F78055005DE14B /* Project object */ = {
			isa = PBXProject;
			attributes = {
				LastSwiftUpdateCheck = 0940;
				LastUpgradeCheck = 0940;
				ORGANIZATIONNAME = "Георгий Фесенко";
				TargetAttributes = {
					000B707420F78055005DE14B = {
						CreatedOnToolsVersion = 9.4.1;
						LastSwiftMigration = 1010;
					};
				};
			};
			buildConfigurationList = 000B707020F78055005DE14B /* Build configuration list for PBXProject "Point" */;
			compatibilityVersion = "Xcode 9.3";
			developmentRegion = en;
			hasScannedForEncodings = 0;
			knownRegions = (
				en,
				Base,
			);
			mainGroup = 000B706C20F78055005DE14B;
			productRefGroup = 000B707620F78055005DE14B /* Products */;
			projectDirPath = "";
			projectRoot = "";
			targets = (
				000B707420F78055005DE14B /* Point */,
			);
		};
/* End PBXProject section */

/* Begin PBXResourcesBuildPhase section */
		000B707320F78055005DE14B /* Resources */ = {
			isa = PBXResourcesBuildPhase;
			buildActionMask = 2147483647;
			files = (
				66C725D521172C5B00F80CFD /* TabBar.storyboard in Resources */,
				000B708320F78057005DE14B /* LaunchScreen.storyboard in Resources */,
				66816590211ED81E00ADF58E /* MatchViewController.xib in Resources */,
				660D7A212195EBD400A46297 /* LaunchViewController.xib in Resources */,
				000B708020F78057005DE14B /* Assets.xcassets in Resources */,
				000B707E20F78055005DE14B /* Main.storyboard in Resources */,
			);
			runOnlyForDeploymentPostprocessing = 0;
		};
/* End PBXResourcesBuildPhase section */

/* Begin PBXShellScriptBuildPhase section */
		11CFB44D4518A979DDB9D2C0 /* [CP] Embed Pods Frameworks */ = {
			isa = PBXShellScriptBuildPhase;
			buildActionMask = 2147483647;
			files = (
			);
			inputPaths = (
				"${SRCROOT}/Pods/Target Support Files/Pods-Point/Pods-Point-frameworks.sh",
				"${BUILT_PRODUCTS_DIR}/Alamofire/Alamofire.framework",
				"${BUILT_PRODUCTS_DIR}/AlamofireImage/AlamofireImage.framework",
				"${BUILT_PRODUCTS_DIR}/KeychainSwift/KeychainSwift.framework",
				"${BUILT_PRODUCTS_DIR}/PhoneNumberKit/PhoneNumberKit.framework",
				"${BUILT_PRODUCTS_DIR}/Starscream/Starscream.framework",
			);
			name = "[CP] Embed Pods Frameworks";
			outputPaths = (
				"${TARGET_BUILD_DIR}/${FRAMEWORKS_FOLDER_PATH}/Alamofire.framework",
				"${TARGET_BUILD_DIR}/${FRAMEWORKS_FOLDER_PATH}/AlamofireImage.framework",
				"${TARGET_BUILD_DIR}/${FRAMEWORKS_FOLDER_PATH}/KeychainSwift.framework",
				"${TARGET_BUILD_DIR}/${FRAMEWORKS_FOLDER_PATH}/PhoneNumberKit.framework",
				"${TARGET_BUILD_DIR}/${FRAMEWORKS_FOLDER_PATH}/Starscream.framework",
			);
			runOnlyForDeploymentPostprocessing = 0;
			shellPath = /bin/sh;
			shellScript = "\"${SRCROOT}/Pods/Target Support Files/Pods-Point/Pods-Point-frameworks.sh\"\n";
			showEnvVarsInLog = 0;
		};
		660D7A102195E29C00A46297 /* ShellScript */ = {
			isa = PBXShellScriptBuildPhase;
			buildActionMask = 2147483647;
			files = (
			);
			inputFileListPaths = (
			);
			inputPaths = (
			);
			outputFileListPaths = (
			);
			outputPaths = (
			);
			runOnlyForDeploymentPostprocessing = 0;
			shellPath = /bin/sh;
			shellScript = "./Fabric.framework/run 46205f2381d650375d38e89c9ec1075ce097e5e3 3dd4bb1e6f42473c3806ae9029bff77fb82e1289c2f6ffc75c771e8981e53934\n";
		};
		E9E619F50AF932B443713783 /* [CP] Check Pods Manifest.lock */ = {
			isa = PBXShellScriptBuildPhase;
			buildActionMask = 2147483647;
			files = (
			);
			inputPaths = (
				"${PODS_PODFILE_DIR_PATH}/Podfile.lock",
				"${PODS_ROOT}/Manifest.lock",
			);
			name = "[CP] Check Pods Manifest.lock";
			outputPaths = (
				"$(DERIVED_FILE_DIR)/Pods-Point-checkManifestLockResult.txt",
			);
			runOnlyForDeploymentPostprocessing = 0;
			shellPath = /bin/sh;
			shellScript = "diff \"${PODS_PODFILE_DIR_PATH}/Podfile.lock\" \"${PODS_ROOT}/Manifest.lock\" > /dev/null\nif [ $? != 0 ] ; then\n    # print error to STDERR\n    echo \"error: The sandbox is not in sync with the Podfile.lock. Run 'pod install' or update your CocoaPods installation.\" >&2\n    exit 1\nfi\n# This output is used by Xcode 'outputs' to avoid re-running this script phase.\necho \"SUCCESS\" > \"${SCRIPT_OUTPUT_FILE_0}\"\n";
			showEnvVarsInLog = 0;
		};
/* End PBXShellScriptBuildPhase section */

/* Begin PBXSourcesBuildPhase section */
		000B707120F78055005DE14B /* Sources */ = {
			isa = PBXSourcesBuildPhase;
			buildActionMask = 2147483647;
			files = (
				66766D2021123F8C008F5952 /* IRequestSender.swift in Sources */,
				B2D43F442167B77600A5A5D1 /* SubmitSmsRequest.swift in Sources */,
				666D4744210BA056000E5374 /* SignUpThirdStepViewController.swift in Sources */,
				66816594212051B000ADF58E /* ConversationViewController.swift in Sources */,
				66766D1E21123F0C008F5952 /* IRequest.swift in Sources */,
				00F0B95F21358E2C00AC3013 /* OutgoingCell.swift in Sources */,
				666D4740210A2FAA000E5374 /* SignUpSecondStepViewController.swift in Sources */,
				666D47382108F100000E5374 /* CircleView.swift in Sources */,
				66766D282112432D008F5952 /* RequestsFactory.swift in Sources */,
				00F0B98D21380D0200AC3013 /* BlockedUsersParser.swift in Sources */,
				0089E689211B09D00037AF60 /* ChatsViewController.swift in Sources */,
				0089E680211AFF130037AF60 /* CommonExtensions.swift in Sources */,
				B219DC152153D44A0035BF94 /* GradientView.swift in Sources */,
				661D482221BD2ED20006D51A /* ImageService.swift in Sources */,
				66766D2C21159338008F5952 /* UserCreationParser.swift in Sources */,
				6681658F211ED81E00ADF58E /* MatchViewController.swift in Sources */,
				00F0B96A2137D04500AC3013 /* EditedProfileModel.swift in Sources */,
				00F0B96C2137EB0700AC3013 /* EditImageRequest.swift in Sources */,
				0089E68D211B1DA10037AF60 /* CircleImage.swift in Sources */,
				0089E68F211B2DF40037AF60 /* EditProfileViewController.swift in Sources */,
				661D481C21AA89480006D51A /* ChatService.swift in Sources */,
				661D482421BD95990006D51A /* DateHelper.swift in Sources */,
				00F0B99C2138224500AC3013 /* CoreDataModel.xcdatamodeld in Sources */,
				B219DC1D2157BCDF0035BF94 /* Extensions.swift in Sources */,
				000B707B20F78055005DE14B /* MainViewController.swift in Sources */,
				660D7A232195FDEC00A46297 /* SettingsService.swift in Sources */,
				66E23731217A7F9E00CED120 /* LocationService.swift in Sources */,
				00F0B9762137F07700AC3013 /* ChatsModel.swift in Sources */,
				00F0B999213820AB00AC3013 /* LocalStorage.swift in Sources */,
				660D7A202195EBD400A46297 /* LaunchViewController.swift in Sources */,
				00F0B9842137FEA500AC3013 /* GetFriendsRequest.swift in Sources */,
				00B17CD82114ACB300EFC16C /* BlankResponceParser.swift in Sources */,
				666D47312108E32F000E5374 /* RoundedButton.swift in Sources */,
				B2E668CC214E74B400C3CC2D /* MessageView.swift in Sources */,
				00F0B97B2137F85400AC3013 /* BlockUserRequest.swift in Sources */,
				666D473B2108F9B1000E5374 /* Colors.swift in Sources */,
				666D4749210CFBD6000E5374 /* NewUserModel.swift in Sources */,
				666D47342108EAF3000E5374 /* SignUpFirstStepViewController.swift in Sources */,
				00F0B9792137F79F00AC3013 /* GetBlockedRequest.swift in Sources */,
				0089E687211B093B0037AF60 /* PointViewController.swift in Sources */,
				00F0B9822137FC7200AC3013 /* SubmitFriendRequest.swift in Sources */,
				00B17CD02114A7CB00EFC16C /* Constants.swift in Sources */,
				00F0B9872137FF9E00AC3013 /* ChangeLocationRequest.swift in Sources */,
				66FB5C4E2184655B001EB227 /* SocketService.swift in Sources */,
				00F0B96321358F5200AC3013 /* ChatCell.swift in Sources */,
				66766D2A211582D2008F5952 /* CreateAccountRequest.swift in Sources */,
				666D4746210BA24E000E5374 /* Utils.swift in Sources */,
				667BA13B21C9714400F0895F /* UserService.swift in Sources */,
				666D47362108EB00000E5374 /* LogInViewController.swift in Sources */,
				00F0B96E2137EB8B00AC3013 /* EditedImageModel.swift in Sources */,
				00F0B9712137EE3F00AC3013 /* ChatsHistoryRequest.swift in Sources */,
				00F0B9672137CF4400AC3013 /* EditProfileRequest.swift in Sources */,
				00F0B98A2138015100AC3013 /* SwitchAppModeRequest.swift in Sources */,
				00F0B9802137FA0900AC3013 /* AddFriendRequest.swift in Sources */,
				00F0B9922138132500AC3013 /* GetFriendsParser.swift in Sources */,
				66766D1C21123DF6008F5952 /* IParser.swift in Sources */,
				00F0B96121358E3700AC3013 /* IncomingCell.swift in Sources */,
				66766D2221123FAD008F5952 /* RequestConfig.swift in Sources */,
				00F0B98F21380D4600AC3013 /* BlockedUser.swift in Sources */,
				66766D26211241E6008F5952 /* RequestSender.swift in Sources */,
				0089E68B211B189E0037AF60 /* RoundedView.swift in Sources */,
				66766D242112409D008F5952 /* Result.swift in Sources */,
				0089E683211B02350037AF60 /* SettingsViewController.swift in Sources */,
				00F0B9742137F00700AC3013 /* ChatsHistoryParser.swift in Sources */,
				00F0B9942138134C00AC3013 /* Friend.swift in Sources */,
				000B707920F78055005DE14B /* AppDelegate.swift in Sources */,
				66766D2E211594C0008F5952 /* UserDataParser.swift in Sources */,
				00B17CCE2114A7A300EFC16C /* SendPhoneRequest.swift in Sources */,
				00B17CD42114AB9700EFC16C /* CheckTokenRequest.swift in Sources */,
				666D473D2108FB72000E5374 /* UnderlinedButton.swift in Sources */,
				661D482621C2EC090006D51A /* ILocalStorage.swift in Sources */,
			);
			runOnlyForDeploymentPostprocessing = 0;
		};
/* End PBXSourcesBuildPhase section */

/* Begin PBXVariantGroup section */
		000B707C20F78055005DE14B /* Main.storyboard */ = {
			isa = PBXVariantGroup;
			children = (
				000B707D20F78055005DE14B /* Base */,
			);
			name = Main.storyboard;
			sourceTree = "<group>";
		};
		000B708120F78057005DE14B /* LaunchScreen.storyboard */ = {
			isa = PBXVariantGroup;
			children = (
				000B708220F78057005DE14B /* Base */,
			);
			name = LaunchScreen.storyboard;
			sourceTree = "<group>";
		};
/* End PBXVariantGroup section */

/* Begin XCBuildConfiguration section */
		000B708520F78057005DE14B /* Debug */ = {
			isa = XCBuildConfiguration;
			buildSettings = {
				ALWAYS_SEARCH_USER_PATHS = NO;
				CLANG_ANALYZER_NONNULL = YES;
				CLANG_ANALYZER_NUMBER_OBJECT_CONVERSION = YES_AGGRESSIVE;
				CLANG_CXX_LANGUAGE_STANDARD = "gnu++14";
				CLANG_CXX_LIBRARY = "libc++";
				CLANG_ENABLE_MODULES = YES;
				CLANG_ENABLE_OBJC_ARC = YES;
				CLANG_ENABLE_OBJC_WEAK = YES;
				CLANG_WARN_BLOCK_CAPTURE_AUTORELEASING = YES;
				CLANG_WARN_BOOL_CONVERSION = YES;
				CLANG_WARN_COMMA = YES;
				CLANG_WARN_CONSTANT_CONVERSION = YES;
				CLANG_WARN_DEPRECATED_OBJC_IMPLEMENTATIONS = YES;
				CLANG_WARN_DIRECT_OBJC_ISA_USAGE = YES_ERROR;
				CLANG_WARN_DOCUMENTATION_COMMENTS = YES;
				CLANG_WARN_EMPTY_BODY = YES;
				CLANG_WARN_ENUM_CONVERSION = YES;
				CLANG_WARN_INFINITE_RECURSION = YES;
				CLANG_WARN_INT_CONVERSION = YES;
				CLANG_WARN_NON_LITERAL_NULL_CONVERSION = YES;
				CLANG_WARN_OBJC_IMPLICIT_RETAIN_SELF = YES;
				CLANG_WARN_OBJC_LITERAL_CONVERSION = YES;
				CLANG_WARN_OBJC_ROOT_CLASS = YES_ERROR;
				CLANG_WARN_RANGE_LOOP_ANALYSIS = YES;
				CLANG_WARN_STRICT_PROTOTYPES = YES;
				CLANG_WARN_SUSPICIOUS_MOVE = YES;
				CLANG_WARN_UNGUARDED_AVAILABILITY = YES_AGGRESSIVE;
				CLANG_WARN_UNREACHABLE_CODE = YES;
				CLANG_WARN__DUPLICATE_METHOD_MATCH = YES;
				CODE_SIGN_IDENTITY = "iPhone Developer";
				COPY_PHASE_STRIP = NO;
				DEBUG_INFORMATION_FORMAT = "dwarf-with-dsym";
				ENABLE_STRICT_OBJC_MSGSEND = YES;
				ENABLE_TESTABILITY = YES;
				GCC_C_LANGUAGE_STANDARD = gnu11;
				GCC_DYNAMIC_NO_PIC = NO;
				GCC_NO_COMMON_BLOCKS = YES;
				GCC_OPTIMIZATION_LEVEL = 0;
				GCC_PREPROCESSOR_DEFINITIONS = (
					"DEBUG=1",
					"$(inherited)",
				);
				GCC_WARN_64_TO_32_BIT_CONVERSION = YES;
				GCC_WARN_ABOUT_RETURN_TYPE = YES_ERROR;
				GCC_WARN_UNDECLARED_SELECTOR = YES;
				GCC_WARN_UNINITIALIZED_AUTOS = YES_AGGRESSIVE;
				GCC_WARN_UNUSED_FUNCTION = YES;
				GCC_WARN_UNUSED_VARIABLE = YES;
				IPHONEOS_DEPLOYMENT_TARGET = 11.4;
				MTL_ENABLE_DEBUG_INFO = YES;
				ONLY_ACTIVE_ARCH = YES;
				SDKROOT = iphoneos;
				SWIFT_ACTIVE_COMPILATION_CONDITIONS = DEBUG;
				SWIFT_OPTIMIZATION_LEVEL = "-Onone";
			};
			name = Debug;
		};
		000B708620F78057005DE14B /* Release */ = {
			isa = XCBuildConfiguration;
			buildSettings = {
				ALWAYS_SEARCH_USER_PATHS = NO;
				CLANG_ANALYZER_NONNULL = YES;
				CLANG_ANALYZER_NUMBER_OBJECT_CONVERSION = YES_AGGRESSIVE;
				CLANG_CXX_LANGUAGE_STANDARD = "gnu++14";
				CLANG_CXX_LIBRARY = "libc++";
				CLANG_ENABLE_MODULES = YES;
				CLANG_ENABLE_OBJC_ARC = YES;
				CLANG_ENABLE_OBJC_WEAK = YES;
				CLANG_WARN_BLOCK_CAPTURE_AUTORELEASING = YES;
				CLANG_WARN_BOOL_CONVERSION = YES;
				CLANG_WARN_COMMA = YES;
				CLANG_WARN_CONSTANT_CONVERSION = YES;
				CLANG_WARN_DEPRECATED_OBJC_IMPLEMENTATIONS = YES;
				CLANG_WARN_DIRECT_OBJC_ISA_USAGE = YES_ERROR;
				CLANG_WARN_DOCUMENTATION_COMMENTS = YES;
				CLANG_WARN_EMPTY_BODY = YES;
				CLANG_WARN_ENUM_CONVERSION = YES;
				CLANG_WARN_INFINITE_RECURSION = YES;
				CLANG_WARN_INT_CONVERSION = YES;
				CLANG_WARN_NON_LITERAL_NULL_CONVERSION = YES;
				CLANG_WARN_OBJC_IMPLICIT_RETAIN_SELF = YES;
				CLANG_WARN_OBJC_LITERAL_CONVERSION = YES;
				CLANG_WARN_OBJC_ROOT_CLASS = YES_ERROR;
				CLANG_WARN_RANGE_LOOP_ANALYSIS = YES;
				CLANG_WARN_STRICT_PROTOTYPES = YES;
				CLANG_WARN_SUSPICIOUS_MOVE = YES;
				CLANG_WARN_UNGUARDED_AVAILABILITY = YES_AGGRESSIVE;
				CLANG_WARN_UNREACHABLE_CODE = YES;
				CLANG_WARN__DUPLICATE_METHOD_MATCH = YES;
				CODE_SIGN_IDENTITY = "iPhone Developer";
				COPY_PHASE_STRIP = NO;
				DEBUG_INFORMATION_FORMAT = "dwarf-with-dsym";
				ENABLE_NS_ASSERTIONS = NO;
				ENABLE_STRICT_OBJC_MSGSEND = YES;
				GCC_C_LANGUAGE_STANDARD = gnu11;
				GCC_NO_COMMON_BLOCKS = YES;
				GCC_WARN_64_TO_32_BIT_CONVERSION = YES;
				GCC_WARN_ABOUT_RETURN_TYPE = YES_ERROR;
				GCC_WARN_UNDECLARED_SELECTOR = YES;
				GCC_WARN_UNINITIALIZED_AUTOS = YES_AGGRESSIVE;
				GCC_WARN_UNUSED_FUNCTION = YES;
				GCC_WARN_UNUSED_VARIABLE = YES;
				IPHONEOS_DEPLOYMENT_TARGET = 11.4;
				MTL_ENABLE_DEBUG_INFO = NO;
				SDKROOT = iphoneos;
				SWIFT_COMPILATION_MODE = wholemodule;
				SWIFT_OPTIMIZATION_LEVEL = "-O";
				VALIDATE_PRODUCT = YES;
			};
			name = Release;
		};
		000B708820F78057005DE14B /* Debug */ = {
			isa = XCBuildConfiguration;
			baseConfigurationReference = A5EDDA6BF247C8D35F66AD39 /* Pods-Point.debug.xcconfig */;
			buildSettings = {
				ASSETCATALOG_COMPILER_APPICON_NAME = AppIcon;
				CODE_SIGN_IDENTITY = "iPhone Developer";
				CODE_SIGN_STYLE = Automatic;
				DEVELOPMENT_TEAM = U8FZ3UYF69;
				FRAMEWORK_SEARCH_PATHS = (
					"$(inherited)",
					"$(PROJECT_DIR)",
				);
				INFOPLIST_FILE = Point/Info.plist;
				LD_RUNPATH_SEARCH_PATHS = (
					"$(inherited)",
					"@executable_path/Frameworks",
				);
				PRODUCT_BUNDLE_IDENTIFIER = me.point.Point;
				PRODUCT_NAME = "$(TARGET_NAME)";
				PROVISIONING_PROFILE_SPECIFIER = "";
				SWIFT_VERSION = 4.2;
				TARGETED_DEVICE_FAMILY = "1,2";
			};
			name = Debug;
		};
		000B708920F78057005DE14B /* Release */ = {
			isa = XCBuildConfiguration;
			baseConfigurationReference = 494E2C55FE84C5DA6A1DF2C6 /* Pods-Point.release.xcconfig */;
			buildSettings = {
				ASSETCATALOG_COMPILER_APPICON_NAME = AppIcon;
				CODE_SIGN_IDENTITY = "iPhone Developer";
				CODE_SIGN_STYLE = Automatic;
				DEVELOPMENT_TEAM = U8FZ3UYF69;
				FRAMEWORK_SEARCH_PATHS = (
					"$(inherited)",
					"$(PROJECT_DIR)",
				);
				INFOPLIST_FILE = Point/Info.plist;
				LD_RUNPATH_SEARCH_PATHS = (
					"$(inherited)",
					"@executable_path/Frameworks",
				);
				PRODUCT_BUNDLE_IDENTIFIER = me.point.Point;
				PRODUCT_NAME = "$(TARGET_NAME)";
				PROVISIONING_PROFILE_SPECIFIER = "";
				SWIFT_VERSION = 4.2;
				TARGETED_DEVICE_FAMILY = "1,2";
			};
			name = Release;
		};
/* End XCBuildConfiguration section */

/* Begin XCConfigurationList section */
		000B707020F78055005DE14B /* Build configuration list for PBXProject "Point" */ = {
			isa = XCConfigurationList;
			buildConfigurations = (
				000B708520F78057005DE14B /* Debug */,
				000B708620F78057005DE14B /* Release */,
			);
			defaultConfigurationIsVisible = 0;
			defaultConfigurationName = Release;
		};
		000B708720F78057005DE14B /* Build configuration list for PBXNativeTarget "Point" */ = {
			isa = XCConfigurationList;
			buildConfigurations = (
				000B708820F78057005DE14B /* Debug */,
				000B708920F78057005DE14B /* Release */,
			);
			defaultConfigurationIsVisible = 0;
			defaultConfigurationName = Release;
		};
/* End XCConfigurationList section */

/* Begin XCVersionGroup section */
		00F0B99A2138224400AC3013 /* CoreDataModel.xcdatamodeld */ = {
			isa = XCVersionGroup;
			children = (
				00F0B99B2138224500AC3013 /* CoreDataModel.xcdatamodel */,
			);
			currentVersion = 00F0B99B2138224500AC3013 /* CoreDataModel.xcdatamodel */;
			path = CoreDataModel.xcdatamodeld;
			sourceTree = "<group>";
			versionGroupType = wrapper.xcdatamodel;
		};
/* End XCVersionGroup section */
	};
	rootObject = 000B706D20F78055005DE14B /* Project object */;
}
